
Microsoft Visual Studio Solution File, Format Version 12.00
# Visual Studio 2012
Project("{FAE04EC0-301F-11D3-BF4B-00C04F79EFBC}") = "TestApp", "TestApp\TestApp.csproj", "{F5EFDDC2-77F5-47DD-AABF-E4DEA881E697}"
EndProject
Project("{FAE04EC0-301F-11D3-BF4B-00C04F79EFBC}") = "TestApp.iOS", "iOS\TestApp.iOS.csproj", "{78EAC6B0-CF73-4963-BA9D-8487CEC31CAF}"
EndProject
Project("{FAE04EC0-301F-11D3-BF4B-00C04F79EFBC}") = "TestApp.Droid", "Droid\TestApp.Droid.csproj", "{E7160CF1-7EF9-4230-9623-C988C03D95FA}"
EndProject
Global
	GlobalSection(SolutionConfigurationPlatforms) = preSolution
		Debug|Any CPU = Debug|Any CPU
		Release|Any CPU = Release|Any CPU
		Debug|iPhoneSimulator = Debug|iPhoneSimulator
		Release|iPhone = Release|iPhone
		Release|iPhoneSimulator = Release|iPhoneSimulator
		Debug|iPhone = Debug|iPhone
	EndGlobalSection
	GlobalSection(ProjectConfigurationPlatforms) = postSolution
		{F5EFDDC2-77F5-47DD-AABF-E4DEA881E697}.Debug|Any CPU.ActiveCfg = Debug|Any CPU
		{F5EFDDC2-77F5-47DD-AABF-E4DEA881E697}.Debug|Any CPU.Build.0 = Debug|Any CPU
		{F5EFDDC2-77F5-47DD-AABF-E4DEA881E697}.Release|Any CPU.ActiveCfg = Release|Any CPU
		{F5EFDDC2-77F5-47DD-AABF-E4DEA881E697}.Release|Any CPU.Build.0 = Release|Any CPU
		{F5EFDDC2-77F5-47DD-AABF-E4DEA881E697}.Debug|iPhoneSimulator.ActiveCfg = Debug|Any CPU
		{F5EFDDC2-77F5-47DD-AABF-E4DEA881E697}.Debug|iPhoneSimulator.Build.0 = Debug|Any CPU
		{F5EFDDC2-77F5-47DD-AABF-E4DEA881E697}.Release|iPhone.ActiveCfg = Release|Any CPU
		{F5EFDDC2-77F5-47DD-AABF-E4DEA881E697}.Release|iPhone.Build.0 = Release|Any CPU
		{F5EFDDC2-77F5-47DD-AABF-E4DEA881E697}.Release|iPhoneSimulator.ActiveCfg = Release|Any CPU
		{F5EFDDC2-77F5-47DD-AABF-E4DEA881E697}.Release|iPhoneSimulator.Build.0 = Release|Any CPU
		{F5EFDDC2-77F5-47DD-AABF-E4DEA881E697}.Debug|iPhone.ActiveCfg = Debug|Any CPU
		{F5EFDDC2-77F5-47DD-AABF-E4DEA881E697}.Debug|iPhone.Build.0 = Debug|Any CPU
		{78EAC6B0-CF73-4963-BA9D-8487CEC31CAF}.Debug|Any CPU.ActiveCfg = Debug|iPhoneSimulator
		{78EAC6B0-CF73-4963-BA9D-8487CEC31CAF}.Debug|Any CPU.Build.0 = Debug|iPhoneSimulator
		{78EAC6B0-CF73-4963-BA9D-8487CEC31CAF}.Release|Any CPU.ActiveCfg = Release|iPhone
		{78EAC6B0-CF73-4963-BA9D-8487CEC31CAF}.Release|Any CPU.Build.0 = Release|iPhone
		{78EAC6B0-CF73-4963-BA9D-8487CEC31CAF}.Debug|iPhoneSimulator.ActiveCfg = Debug|iPhoneSimulator
		{78EAC6B0-CF73-4963-BA9D-8487CEC31CAF}.Debug|iPhoneSimulator.Build.0 = Debug|iPhoneSimulator
		{78EAC6B0-CF73-4963-BA9D-8487CEC31CAF}.Release|iPhone.ActiveCfg = Release|iPhone
		{78EAC6B0-CF73-4963-BA9D-8487CEC31CAF}.Release|iPhone.Build.0 = Release|iPhone
		{78EAC6B0-CF73-4963-BA9D-8487CEC31CAF}.Release|iPhoneSimulator.ActiveCfg = Release|iPhoneSimulator
		{78EAC6B0-CF73-4963-BA9D-8487CEC31CAF}.Release|iPhoneSimulator.Build.0 = Release|iPhoneSimulator
		{78EAC6B0-CF73-4963-BA9D-8487CEC31CAF}.Debug|iPhone.ActiveCfg = Debug|iPhone
		{78EAC6B0-CF73-4963-BA9D-8487CEC31CAF}.Debug|iPhone.Build.0 = Debug|iPhone
		{E7160CF1-7EF9-4230-9623-C988C03D95FA}.Debug|Any CPU.ActiveCfg = Debug|Any CPU
		{E7160CF1-7EF9-4230-9623-C988C03D95FA}.Debug|Any CPU.Build.0 = Debug|Any CPU
		{E7160CF1-7EF9-4230-9623-C988C03D95FA}.Release|Any CPU.ActiveCfg = Release|Any CPU
		{E7160CF1-7EF9-4230-9623-C988C03D95FA}.Release|Any CPU.Build.0 = Release|Any CPU
		{E7160CF1-7EF9-4230-9623-C988C03D95FA}.Debug|iPhoneSimulator.ActiveCfg = Debug|Any CPU
		{E7160CF1-7EF9-4230-9623-C988C03D95FA}.Debug|iPhoneSimulator.Build.0 = Debug|Any CPU
		{E7160CF1-7EF9-4230-9623-C988C03D95FA}.Release|iPhone.ActiveCfg = Release|Any CPU
		{E7160CF1-7EF9-4230-9623-C988C03D95FA}.Release|iPhone.Build.0 = Release|Any CPU
		{E7160CF1-7EF9-4230-9623-C988C03D95FA}.Release|iPhoneSimulator.ActiveCfg = Release|Any CPU
		{E7160CF1-7EF9-4230-9623-C988C03D95FA}.Release|iPhoneSimulator.Build.0 = Release|Any CPU
		{E7160CF1-7EF9-4230-9623-C988C03D95FA}.Debug|iPhone.ActiveCfg = Debug|Any CPU
		{E7160CF1-7EF9-4230-9623-C988C03D95FA}.Debug|iPhone.Build.0 = Debug|Any CPU
	EndGlobalSection
EndGlobal
